{
  "nodes": {
    "flake-utils": {
      "locked": {
        "lastModified": 1652776076,
        "narHash": "sha256-gzTw/v1vj4dOVbpBSJX4J0DwUR6LIyXo7/SuuTJp1kM=",
        "owner": "numtide",
        "repo": "flake-utils",
        "rev": "04c1b180862888302ddfb2e3ad9eaa63afc60cf8",
        "type": "github"
      },
      "original": {
        "owner": "numtide",
        "ref": "v1.0.0",
        "repo": "flake-utils",
        "type": "github"
      }
    },
    "nixpkgs": {
      "locked": {
        "lastModified": 1717179513,
        "narHash": "sha256-vboIEwIQojofItm2xGCdZCzW96U85l9nDW3ifMuAIdM=",
        "owner": "NixOS",
        "repo": "nixpkgs",
        "rev": "63dacb46bf939521bdc93981b4cbb7ecb58427a0",
        "type": "github"
      },
      "original": {
        "owner": "NixOS",
        "ref": "24.05",
        "repo": "nixpkgs",
        "type": "github"
      }
    },
    "pythoneda-external-artf-flakeutils": {
      "inputs": {
        "flake-utils": [
          "flake-utils"
        ],
        "nixpkgs": [
          "nixpkgs"
        ],
        "pythoneda-shared-nix-flake-shared": [
          "pythoneda-shared-nix-flake-shared"
        ],
        "pythoneda-shared-pythonlang-banner": [
          "pythoneda-shared-pythonlang-banner"
        ],
        "pythoneda-shared-pythonlang-domain": [
          "pythoneda-shared-pythonlang-domain"
        ]
      },
      "locked": {
        "lastModified": 1733950028,
        "narHash": "sha256-ccvThg07RQzh4qZfzo3jqFWhvC0uAFP91X5smaSVcfA=",
        "owner": "pythoneda-external-artf-def",
        "repo": "flakeutils",
        "rev": "4570450e29c8192056b77dd865a645290900d10e",
        "type": "github"
      },
      "original": {
        "owner": "pythoneda-external-artf-def",
        "ref": "0.0.17",
        "repo": "flakeutils",
        "type": "github"
      }
    },
    "pythoneda-external-artf-nixpkgs": {
      "inputs": {
        "flake-utils": [
          "flake-utils"
        ],
        "nixpkgs": [
          "nixpkgs"
        ],
        "pythoneda-shared-nix-flake-shared": [
          "pythoneda-shared-nix-flake-shared"
        ],
        "pythoneda-shared-pythonlang-banner": [
          "pythoneda-shared-pythonlang-banner"
        ],
        "pythoneda-shared-pythonlang-domain": [
          "pythoneda-shared-pythonlang-domain"
        ]
      },
      "locked": {
        "lastModified": 1733950099,
        "narHash": "sha256-CGMnb4JQVhjdqM721WLSLdTmS08tWNlmpRGIeiKb3dg=",
        "owner": "pythoneda-external-artf-def",
        "repo": "nixpkgs",
        "rev": "563396b54d525117384a645c983d9df4358cd774",
        "type": "github"
      },
      "original": {
        "owner": "pythoneda-external-artf-def",
        "ref": "0.0.15",
        "repo": "nixpkgs",
        "type": "github"
      }
    },
    "pythoneda-shared-git-shared": {
      "inputs": {
        "flake-utils": [
          "pythoneda-shared-nix-flake-shared",
          "flake-utils"
        ],
        "nixpkgs": [
          "pythoneda-shared-nix-flake-shared",
          "nixpkgs"
        ],
        "pythoneda-shared-pythonlang-banner": [
          "pythoneda-shared-nix-flake-shared",
          "pythoneda-shared-pythonlang-banner"
        ],
        "pythoneda-shared-pythonlang-domain": [
          "pythoneda-shared-nix-flake-shared",
          "pythoneda-shared-pythonlang-domain"
        ],
        "pythoneda-shared-pythonlang-shell": "pythoneda-shared-pythonlang-shell"
      },
      "locked": {
        "lastModified": 1733944872,
        "narHash": "sha256-ounU/6Yr3q3NqOUFaPEK/l43w8OeYERTgCiINQh6wS0=",
        "owner": "pythoneda-shared-git-def",
        "repo": "shared",
        "rev": "9c87749a1cfd2b7f52d00fe3619d063fae9745b5",
        "type": "github"
      },
      "original": {
        "owner": "pythoneda-shared-git-def",
        "ref": "0.0.76",
        "repo": "shared",
        "type": "github"
      }
    },
    "pythoneda-shared-nix-flake-shared": {
      "inputs": {
        "flake-utils": [
          "flake-utils"
        ],
        "nixpkgs": [
          "nixpkgs"
        ],
        "pythoneda-shared-git-shared": "pythoneda-shared-git-shared",
        "pythoneda-shared-pythonlang-banner": [
          "pythoneda-shared-pythonlang-banner"
        ],
        "pythoneda-shared-pythonlang-domain": [
          "pythoneda-shared-pythonlang-domain"
        ],
        "stringtemplate3": "stringtemplate3"
      },
      "locked": {
        "lastModified": 1733944946,
        "narHash": "sha256-OTqTJt4Q1tHt4w0EtBoT/s0Id74CFu7CodccSRqU34s=",
        "owner": "pythoneda-shared-nix-flake-def",
        "repo": "shared",
        "rev": "58a332cba5322855a5c435e175718014a833d591",
        "type": "github"
      },
      "original": {
        "owner": "pythoneda-shared-nix-flake-def",
        "ref": "0.0.82",
        "repo": "shared",
        "type": "github"
      }
    },
    "pythoneda-shared-pythonlang-banner": {
      "inputs": {
        "flake-utils": [
          "flake-utils"
        ],
        "nixpkgs": [
          "nixpkgs"
        ]
      },
      "locked": {
        "lastModified": 1733921954,
        "narHash": "sha256-8bXCVSjpGD+1Zpfqjmie6JKnz7eH5vALIXKoa9n0OyI=",
        "owner": "pythoneda-shared-pythonlang-def",
        "repo": "banner",
        "rev": "d6f65312ef3f7a8a3315aca7c0f3cc99783a5b20",
        "type": "github"
      },
      "original": {
        "owner": "pythoneda-shared-pythonlang-def",
        "ref": "0.0.74",
        "repo": "banner",
        "type": "github"
      }
    },
    "pythoneda-shared-pythonlang-domain": {
      "inputs": {
        "flake-utils": [
          "pythoneda-shared-nix-flake-shared",
          "pythoneda-shared-git-shared",
          "pythoneda-shared-pythonlang-shell",
          "flake-utils"
        ],
        "nixpkgs": [
          "pythoneda-shared-nix-flake-shared",
          "pythoneda-shared-git-shared",
          "pythoneda-shared-pythonlang-shell",
          "nixpkgs"
        ],
        "pythoneda-shared-pythonlang-banner": [
          "pythoneda-shared-nix-flake-shared",
          "pythoneda-shared-git-shared",
          "pythoneda-shared-pythonlang-shell",
          "pythoneda-shared-pythonlang-banner"
        ]
      },
      "locked": {
        "lastModified": 1733944446,
        "narHash": "sha256-/n/RUU5rwv3eSbxvApAfpRhwkeamDOxDvEyoeTFDeNM=",
        "owner": "pythoneda-shared-pythonlang-def",
        "repo": "domain",
        "rev": "f7354a59e99dcd7e5fa6bda3950e8daa80906445",
        "type": "github"
      },
      "original": {
        "owner": "pythoneda-shared-pythonlang-def",
        "ref": "0.0.101",
        "repo": "domain",
        "type": "github"
      }
    },
    "pythoneda-shared-pythonlang-domain_2": {
      "inputs": {
        "flake-utils": [
          "flake-utils"
        ],
        "nixpkgs": [
          "nixpkgs"
        ],
        "pythoneda-shared-pythonlang-banner": [
          "pythoneda-shared-pythonlang-banner"
        ]
      },
      "locked": {
        "lastModified": 1733944446,
        "narHash": "sha256-/n/RUU5rwv3eSbxvApAfpRhwkeamDOxDvEyoeTFDeNM=",
        "owner": "pythoneda-shared-pythonlang-def",
        "repo": "domain",
        "rev": "f7354a59e99dcd7e5fa6bda3950e8daa80906445",
        "type": "github"
      },
      "original": {
        "owner": "pythoneda-shared-pythonlang-def",
        "ref": "0.0.101",
        "repo": "domain",
        "type": "github"
      }
    },
    "pythoneda-shared-pythonlang-shell": {
      "inputs": {
        "flake-utils": [
          "pythoneda-shared-nix-flake-shared",
          "pythoneda-shared-git-shared",
          "flake-utils"
        ],
        "nixpkgs": [
          "pythoneda-shared-nix-flake-shared",
          "pythoneda-shared-git-shared",
          "nixpkgs"
        ],
        "pythoneda-shared-pythonlang-banner": [
          "pythoneda-shared-nix-flake-shared",
          "pythoneda-shared-git-shared",
          "pythoneda-shared-pythonlang-banner"
        ],
        "pythoneda-shared-pythonlang-domain": "pythoneda-shared-pythonlang-domain"
      },
      "locked": {
        "lastModified": 1733944804,
        "narHash": "sha256-4lQEVzKaN3KDxbAAesxB/7pKk2hzKnPnCVB2OpiMy+g=",
        "owner": "pythoneda-shared-pythonlang-def",
        "repo": "shell",
        "rev": "7b49baaa7d9c004d03a3b988890de1d234d33ec6",
        "type": "github"
      },
      "original": {
        "owner": "pythoneda-shared-pythonlang-def",
        "ref": "0.0.42",
        "repo": "shell",
        "type": "github"
      }
    },
    "root": {
      "inputs": {
        "flake-utils": "flake-utils",
        "nixpkgs": "nixpkgs",
        "pythoneda-external-artf-flakeutils": "pythoneda-external-artf-flakeutils",
        "pythoneda-external-artf-nixpkgs": "pythoneda-external-artf-nixpkgs",
        "pythoneda-shared-nix-flake-shared": "pythoneda-shared-nix-flake-shared",
        "pythoneda-shared-pythonlang-banner": "pythoneda-shared-pythonlang-banner",
        "pythoneda-shared-pythonlang-domain": "pythoneda-shared-pythonlang-domain_2"
      }
    },
    "stringtemplate3": {
      "inputs": {
        "flake-utils": [
          "pythoneda-shared-nix-flake-shared",
          "flake-utils"
        ],
        "nixpkgs": [
          "pythoneda-shared-nix-flake-shared",
          "nixpkgs"
        ]
      },
      "locked": {
        "dir": "stringtemplate3",
        "lastModified": 1733509207,
        "narHash": "sha256-xpSuesrvynoMcclrDyhooW2zpzFoHbVizfFn7sjly98=",
        "owner": "rydnr",
        "repo": "nix-flakes",
        "rev": "c73d82b377792de6742a803f7b80f1f3e3eae5dd",
        "type": "github"
      },
      "original": {
        "dir": "stringtemplate3",
        "owner": "rydnr",
        "ref": "stringtemplate3-3.1.2",
        "repo": "nix-flakes",
        "type": "github"
      }
    }
  },
  "root": "root",
  "version": 7
}
