{
  "nodes": {
    "flake-utils": {
      "locked": {
        "lastModified": 1652776076,
        "narHash": "sha256-gzTw/v1vj4dOVbpBSJX4J0DwUR6LIyXo7/SuuTJp1kM=",
        "owner": "numtide",
        "repo": "flake-utils",
        "rev": "04c1b180862888302ddfb2e3ad9eaa63afc60cf8",
        "type": "github"
      },
      "original": {
        "owner": "numtide",
        "ref": "v1.0.0",
        "repo": "flake-utils",
        "type": "github"
      }
    },
    "nixpkgs": {
      "locked": {
        "lastModified": 1717179513,
        "narHash": "sha256-vboIEwIQojofItm2xGCdZCzW96U85l9nDW3ifMuAIdM=",
        "owner": "NixOS",
        "repo": "nixpkgs",
        "rev": "63dacb46bf939521bdc93981b4cbb7ecb58427a0",
        "type": "github"
      },
      "original": {
        "owner": "NixOS",
        "ref": "24.05",
        "repo": "nixpkgs",
        "type": "github"
      }
    },
    "pythoneda-external-artf-flakeutils": {
      "inputs": {
        "flake-utils": [
          "flake-utils"
        ],
        "nixpkgs": [
          "nixpkgs"
        ],
        "pythoneda-shared-nix-flake-shared": [
          "pythoneda-shared-nix-flake-shared"
        ],
        "pythoneda-shared-pythonlang-banner": [
          "pythoneda-shared-pythonlang-banner"
        ],
        "pythoneda-shared-pythonlang-domain": [
          "pythoneda-shared-pythonlang-domain"
        ]
      },
      "locked": {
        "lastModified": 1738934051,
        "narHash": "sha256-yoB6WhR2t+nk67enSR4qCvHtXRpn9uippHzMwl9sO2g=",
        "owner": "pythoneda-external-artf-def",
        "repo": "flakeutils",
        "rev": "b543dc6d9854d511a40437492bc5951fe61b36e9",
        "type": "github"
      },
      "original": {
        "owner": "pythoneda-external-artf-def",
        "ref": "0.0.39",
        "repo": "flakeutils",
        "type": "github"
      }
    },
    "pythoneda-external-artf-nixpkgs": {
      "inputs": {
        "flake-utils": [
          "flake-utils"
        ],
        "nixpkgs": [
          "nixpkgs"
        ],
        "pythoneda-shared-nix-flake-shared": [
          "pythoneda-shared-nix-flake-shared"
        ],
        "pythoneda-shared-pythonlang-banner": [
          "pythoneda-shared-pythonlang-banner"
        ],
        "pythoneda-shared-pythonlang-domain": [
          "pythoneda-shared-pythonlang-domain"
        ]
      },
      "locked": {
        "lastModified": 1738934123,
        "narHash": "sha256-+OgBbC08XH8moXHMKTsYNVdfZW8mtOhriyfMMHNWDcc=",
        "owner": "pythoneda-external-artf-def",
        "repo": "nixpkgs",
        "rev": "3a5be4d347c7f833f2443d8c7663fdd49686ffd8",
        "type": "github"
      },
      "original": {
        "owner": "pythoneda-external-artf-def",
        "ref": "0.0.37",
        "repo": "nixpkgs",
        "type": "github"
      }
    },
    "pythoneda-shared-git-shared": {
      "inputs": {
        "flake-utils": [
          "pythoneda-shared-nix-flake-shared",
          "flake-utils"
        ],
        "nixpkgs": [
          "pythoneda-shared-nix-flake-shared",
          "nixpkgs"
        ],
        "pythoneda-shared-pythonlang-banner": [
          "pythoneda-shared-nix-flake-shared",
          "pythoneda-shared-pythonlang-banner"
        ],
        "pythoneda-shared-pythonlang-domain": [
          "pythoneda-shared-nix-flake-shared",
          "pythoneda-shared-pythonlang-domain"
        ],
        "pythoneda-shared-pythonlang-shell": "pythoneda-shared-pythonlang-shell"
      },
      "locked": {
        "lastModified": 1738932718,
        "narHash": "sha256-Znkwf3SohiZQ+ieM+bcSGTiWO5MLU5CD2/1pjELsn4U=",
        "owner": "pythoneda-shared-git-def",
        "repo": "shared",
        "rev": "89875e38bd61b7e767e5a7f221c5590bf919e748",
        "type": "github"
      },
      "original": {
        "owner": "pythoneda-shared-git-def",
        "ref": "0.0.98",
        "repo": "shared",
        "type": "github"
      }
    },
    "pythoneda-shared-nix-flake-shared": {
      "inputs": {
        "flake-utils": [
          "flake-utils"
        ],
        "nixpkgs": [
          "nixpkgs"
        ],
        "pythoneda-shared-git-shared": "pythoneda-shared-git-shared",
        "pythoneda-shared-pythonlang-banner": [
          "pythoneda-shared-pythonlang-banner"
        ],
        "pythoneda-shared-pythonlang-domain": [
          "pythoneda-shared-pythonlang-domain"
        ],
        "stringtemplate3": "stringtemplate3"
      },
      "locked": {
        "lastModified": 1738932794,
        "narHash": "sha256-dzn7hC0uA6XP99kXN+xhVqVFF+8QSRlaFTOYtYRW7Bw=",
        "owner": "pythoneda-shared-nix-flake-def",
        "repo": "shared",
        "rev": "969eb1ed6c0eec17875b0c389b9c31ac9f9f0a41",
        "type": "github"
      },
      "original": {
        "owner": "pythoneda-shared-nix-flake-def",
        "ref": "0.0.105",
        "repo": "shared",
        "type": "github"
      }
    },
    "pythoneda-shared-pythonlang-banner": {
      "inputs": {
        "flake-utils": [
          "flake-utils"
        ],
        "nixpkgs": [
          "nixpkgs"
        ]
      },
      "locked": {
        "lastModified": 1737618444,
        "narHash": "sha256-0ruzvKWBnurOs9e4X3PhTWg1/MeRvIVtXzK+AMooSCA=",
        "owner": "pythoneda-shared-pythonlang-def",
        "repo": "banner",
        "rev": "541d9cd0580e9454cb93e6fa77b879b95dbe2079",
        "type": "github"
      },
      "original": {
        "owner": "pythoneda-shared-pythonlang-def",
        "ref": "0.0.83",
        "repo": "banner",
        "type": "github"
      }
    },
    "pythoneda-shared-pythonlang-domain": {
      "inputs": {
        "flake-utils": [
          "pythoneda-shared-nix-flake-shared",
          "pythoneda-shared-git-shared",
          "pythoneda-shared-pythonlang-shell",
          "flake-utils"
        ],
        "nixpkgs": [
          "pythoneda-shared-nix-flake-shared",
          "pythoneda-shared-git-shared",
          "pythoneda-shared-pythonlang-shell",
          "nixpkgs"
        ],
        "pythoneda-shared-pythonlang-banner": [
          "pythoneda-shared-nix-flake-shared",
          "pythoneda-shared-git-shared",
          "pythoneda-shared-pythonlang-shell",
          "pythoneda-shared-pythonlang-banner"
        ]
      },
      "locked": {
        "lastModified": 1738932382,
        "narHash": "sha256-JJmpYuRCSaQMpm7KTp4ldpullVk16rEXKXjpqXCDOWw=",
        "owner": "pythoneda-shared-pythonlang-def",
        "repo": "domain",
        "rev": "dbe4399cec53bffedcbbf42ae51934842ca72dbc",
        "type": "github"
      },
      "original": {
        "owner": "pythoneda-shared-pythonlang-def",
        "ref": "0.0.129",
        "repo": "domain",
        "type": "github"
      }
    },
    "pythoneda-shared-pythonlang-domain_2": {
      "inputs": {
        "flake-utils": [
          "flake-utils"
        ],
        "nixpkgs": [
          "nixpkgs"
        ],
        "pythoneda-shared-pythonlang-banner": [
          "pythoneda-shared-pythonlang-banner"
        ]
      },
      "locked": {
        "lastModified": 1738932382,
        "narHash": "sha256-JJmpYuRCSaQMpm7KTp4ldpullVk16rEXKXjpqXCDOWw=",
        "owner": "pythoneda-shared-pythonlang-def",
        "repo": "domain",
        "rev": "dbe4399cec53bffedcbbf42ae51934842ca72dbc",
        "type": "github"
      },
      "original": {
        "owner": "pythoneda-shared-pythonlang-def",
        "ref": "0.0.129",
        "repo": "domain",
        "type": "github"
      }
    },
    "pythoneda-shared-pythonlang-shell": {
      "inputs": {
        "flake-utils": [
          "pythoneda-shared-nix-flake-shared",
          "pythoneda-shared-git-shared",
          "flake-utils"
        ],
        "nixpkgs": [
          "pythoneda-shared-nix-flake-shared",
          "pythoneda-shared-git-shared",
          "nixpkgs"
        ],
        "pythoneda-shared-pythonlang-banner": [
          "pythoneda-shared-nix-flake-shared",
          "pythoneda-shared-git-shared",
          "pythoneda-shared-pythonlang-banner"
        ],
        "pythoneda-shared-pythonlang-domain": "pythoneda-shared-pythonlang-domain"
      },
      "locked": {
        "lastModified": 1738932650,
        "narHash": "sha256-XbTr9a3ADXflirwjhe/aagJGrFjI1HkG1MHmKcbh5X0=",
        "owner": "pythoneda-shared-pythonlang-def",
        "repo": "shell",
        "rev": "2d56eefb02b22512833beeee51c9d3e7079e3df1",
        "type": "github"
      },
      "original": {
        "owner": "pythoneda-shared-pythonlang-def",
        "ref": "0.0.64",
        "repo": "shell",
        "type": "github"
      }
    },
    "root": {
      "inputs": {
        "flake-utils": "flake-utils",
        "nixpkgs": "nixpkgs",
        "pythoneda-external-artf-flakeutils": "pythoneda-external-artf-flakeutils",
        "pythoneda-external-artf-nixpkgs": "pythoneda-external-artf-nixpkgs",
        "pythoneda-shared-nix-flake-shared": "pythoneda-shared-nix-flake-shared",
        "pythoneda-shared-pythonlang-banner": "pythoneda-shared-pythonlang-banner",
        "pythoneda-shared-pythonlang-domain": "pythoneda-shared-pythonlang-domain_2"
      }
    },
    "stringtemplate3": {
      "inputs": {
        "flake-utils": [
          "pythoneda-shared-nix-flake-shared",
          "flake-utils"
        ],
        "nixpkgs": [
          "pythoneda-shared-nix-flake-shared",
          "nixpkgs"
        ]
      },
      "locked": {
        "dir": "stringtemplate3",
        "lastModified": 1737645729,
        "narHash": "sha256-wi1+fqNfwEk3UaRsh5trkIylwPcVMh+uWTUur1/n6mg=",
        "owner": "rydnr",
        "repo": "nix-flakes",
        "rev": "a65a9823a846e2b4a7b485746c2fa719a7b96b65",
        "type": "github"
      },
      "original": {
        "dir": "stringtemplate3",
        "owner": "rydnr",
        "ref": "stringtemplate3-3.1.4",
        "repo": "nix-flakes",
        "type": "github"
      }
    }
  },
  "root": "root",
  "version": 7
}
